{
    "lockfileVersion": 2,
    "name": "react-native-acoustic-ea-tealeaf",
    "packages": {
        "": {
            "license": "See license in Licenses/License",
            "name": "react-native-acoustic-ea-tealeaf",
            "version": "15.0.11"
        }
    },
    "requires": true,
    "version": "15.0.11"
}